{
  "name": "own-mobx",
  "lockfileVersion": 2,
  "requires": true,
  "packages": {
    "": {
      "dependencies": {
        "mobx": "^6.12.1"
      }
    },
    "node_modules/mobx": {
      "version": "6.12.1",
      "resolved": "https://registry.npmjs.org/mobx/-/mobx-6.12.1.tgz",
      "integrity": "sha512-HN5/fmWCnePVI4u3Y487x3G0LIQ+qnQjowylhVxXPvBmbwottKm8R7GrsYAqljzekZUj+LoBcAUp3l8/3EPCGQ==",
      "funding": {
        "type": "opencollective",
        "url": "https://opencollective.com/mobx"
      }
    }
  },
  "dependencies": {
    "mobx": {
      "version": "6.12.1",
      "resolved": "https://registry.npmjs.org/mobx/-/mobx-6.12.1.tgz",
      "integrity": "sha512-HN5/fmWCnePVI4u3Y487x3G0LIQ+qnQjowylhVxXPvBmbwottKm8R7GrsYAqljzekZUj+LoBcAUp3l8/3EPCGQ=="
    }
  }
}
